
Microsoft Visual Studio Solution File, Format Version 12.00
# Visual Studio 15
VisualStudioVersion = 15.0.27428.2043
MinimumVisualStudioVersion = 10.0.40219.1
Project("{FAE04EC0-301F-11D3-BF4B-00C04F79EFBC}") = "BasketTest", "BasketTest\BasketTest.csproj", "{1E8AA56A-6359-4C95-85CB-FD62AA3CCD4C}"
EndProject
Project("{FAE04EC0-301F-11D3-BF4B-00C04F79EFBC}") = "Basket", "..\Basket\Basket.csproj", "{E8463546-35DF-48FB-9F00-CE26A0D67385}"
EndProject
Global
	GlobalSection(SolutionConfigurationPlatforms) = preSolution
		Debug|Any CPU = Debug|Any CPU
		Release|Any CPU = Release|Any CPU
	EndGlobalSection
	GlobalSection(ProjectConfigurationPlatforms) = postSolution
		{1E8AA56A-6359-4C95-85CB-FD62AA3CCD4C}.Debug|Any CPU.ActiveCfg = Debug|Any CPU
		{1E8AA56A-6359-4C95-85CB-FD62AA3CCD4C}.Debug|Any CPU.Build.0 = Debug|Any CPU
		{1E8AA56A-6359-4C95-85CB-FD62AA3CCD4C}.Release|Any CPU.ActiveCfg = Release|Any CPU
		{1E8AA56A-6359-4C95-85CB-FD62AA3CCD4C}.Release|Any CPU.Build.0 = Release|Any CPU
		{E8463546-35DF-48FB-9F00-CE26A0D67385}.Debug|Any CPU.ActiveCfg = Debug|Any CPU
		{E8463546-35DF-48FB-9F00-CE26A0D67385}.Debug|Any CPU.Build.0 = Debug|Any CPU
		{E8463546-35DF-48FB-9F00-CE26A0D67385}.Release|Any CPU.ActiveCfg = Release|Any CPU
		{E8463546-35DF-48FB-9F00-CE26A0D67385}.Release|Any CPU.Build.0 = Release|Any CPU
	EndGlobalSection
	GlobalSection(SolutionProperties) = preSolution
		HideSolutionNode = FALSE
	EndGlobalSection
	GlobalSection(ExtensibilityGlobals) = postSolution
		SolutionGuid = {6B972B78-140C-4EDD-BFB0-BA0CF66EBA90}
	EndGlobalSection
EndGlobal
